
Microsoft Visual Studio Solution File, Format Version 12.00
# Visual Studio Version 16
VisualStudioVersion = 16.0.31005.135
MinimumVisualStudioVersion = 10.0.40219.1
Project("{9A19103F-16F7-4668-BE54-9A1E7A4F7556}") = "PhotoSync", "PhotoSync\PhotoSync.csproj", "{49D9993F-8ABF-4C9A-8C17-3476A9F855CE}"
EndProject
Project("{FAE04EC0-301F-11D3-BF4B-00C04F79EFBC}") = "PhotoSync.Data", "PhotoSync.Data\PhotoSync.Data.csproj", "{7EADA7E7-6F8E-4FCB-8362-BD11D9F05F28}"
EndProject
Global
	GlobalSection(SolutionConfigurationPlatforms) = preSolution
		Debug|Any CPU = Debug|Any CPU
		Release|Any CPU = Release|Any CPU
	EndGlobalSection
	GlobalSection(ProjectConfigurationPlatforms) = postSolution
		{49D9993F-8ABF-4C9A-8C17-3476A9F855CE}.Debug|Any CPU.ActiveCfg = Debug|Any CPU
		{49D9993F-8ABF-4C9A-8C17-3476A9F855CE}.Debug|Any CPU.Build.0 = Debug|Any CPU
		{49D9993F-8ABF-4C9A-8C17-3476A9F855CE}.Release|Any CPU.ActiveCfg = Release|Any CPU
		{49D9993F-8ABF-4C9A-8C17-3476A9F855CE}.Release|Any CPU.Build.0 = Release|Any CPU
		{7EADA7E7-6F8E-4FCB-8362-BD11D9F05F28}.Debug|Any CPU.ActiveCfg = Debug|Any CPU
		{7EADA7E7-6F8E-4FCB-8362-BD11D9F05F28}.Debug|Any CPU.Build.0 = Debug|Any CPU
		{7EADA7E7-6F8E-4FCB-8362-BD11D9F05F28}.Release|Any CPU.ActiveCfg = Release|Any CPU
		{7EADA7E7-6F8E-4FCB-8362-BD11D9F05F28}.Release|Any CPU.Build.0 = Release|Any CPU
	EndGlobalSection
	GlobalSection(SolutionProperties) = preSolution
		HideSolutionNode = FALSE
	EndGlobalSection
	GlobalSection(ExtensibilityGlobals) = postSolution
		SolutionGuid = {D186CEB1-2BB8-464D-9DBA-2C21B183E1FC}
	EndGlobalSection
EndGlobal
